
Microsoft Visual Studio Solution File, Format Version 12.00
# Visual Studio Version 16
VisualStudioVersion = 16.0.31205.134
MinimumVisualStudioVersion = 10.0.40219.1
Project("{FAE04EC0-301F-11D3-BF4B-00C04F79EFBC}") = "Mailer", "Mailer\Mailer.csproj", "{E6AFF94F-ADF0-4192-8C26-8557F9E88BE1}"
EndProject
Project("{FAE04EC0-301F-11D3-BF4B-00C04F79EFBC}") = "TabSwitcher", "TabSwitcher\TabSwitcher.csproj", "{AF628A51-D750-4BDC-A3A7-F8D3133E03D3}"
EndProject
Global
	GlobalSection(SolutionConfigurationPlatforms) = preSolution
		Debug|Any CPU = Debug|Any CPU
		Release|Any CPU = Release|Any CPU
	EndGlobalSection
	GlobalSection(ProjectConfigurationPlatforms) = postSolution
		{E6AFF94F-ADF0-4192-8C26-8557F9E88BE1}.Debug|Any CPU.ActiveCfg = Debug|Any CPU
		{E6AFF94F-ADF0-4192-8C26-8557F9E88BE1}.Debug|Any CPU.Build.0 = Debug|Any CPU
		{E6AFF94F-ADF0-4192-8C26-8557F9E88BE1}.Release|Any CPU.ActiveCfg = Release|Any CPU
		{E6AFF94F-ADF0-4192-8C26-8557F9E88BE1}.Release|Any CPU.Build.0 = Release|Any CPU
		{AF628A51-D750-4BDC-A3A7-F8D3133E03D3}.Debug|Any CPU.ActiveCfg = Debug|Any CPU
		{AF628A51-D750-4BDC-A3A7-F8D3133E03D3}.Debug|Any CPU.Build.0 = Debug|Any CPU
		{AF628A51-D750-4BDC-A3A7-F8D3133E03D3}.Release|Any CPU.ActiveCfg = Release|Any CPU
		{AF628A51-D750-4BDC-A3A7-F8D3133E03D3}.Release|Any CPU.Build.0 = Release|Any CPU
	EndGlobalSection
	GlobalSection(SolutionProperties) = preSolution
		HideSolutionNode = FALSE
	EndGlobalSection
	GlobalSection(ExtensibilityGlobals) = postSolution
		SolutionGuid = {EE0F9457-88C7-45C7-A12E-91034A28B647}
	EndGlobalSection
EndGlobal
